PODS:
  - BiSON (1.2.0)
  - SmartDeviceLink (6.5.0):
    - BiSON (~> 1.2.0)
    - SmartDeviceLink/Default (= 6.5.0)
  - SmartDeviceLink/Default (6.5.0):
    - BiSON (~> 1.2.0)

DEPENDENCIES:
  - SmartDeviceLink

SPEC REPOS:
  trunk:
    - BiSON
    - SmartDeviceLink

SPEC CHECKSUMS:
  BiSON: 1165a5486ee9755400b096cf374e1f03cb73a980
  SmartDeviceLink: 8aad0b72c98fe4d334f4b16489a0e91921bc266c

PODFILE CHECKSUM: a7bc27f97ad9542875ae11987b5bbba588fa2e00

COCOAPODS: 1.8.4
